
Microsoft Visual Studio Solution File, Format Version 12.00
# Visual Studio Version 17
VisualStudioVersion = 17.0.32126.317
MinimumVisualStudioVersion = 10.0.40219.1
Project("{FAE04EC0-301F-11D3-BF4B-00C04F79EFBC}") = "rock paper scissors", "rock paper scissors\rock paper scissors.csproj", "{D0B1FA58-890F-484F-A470-898C17DD198E}"
EndProject
Global
	GlobalSection(SolutionConfigurationPlatforms) = preSolution
		Debug|Any CPU = Debug|Any CPU
		Release|Any CPU = Release|Any CPU
	EndGlobalSection
	GlobalSection(ProjectConfigurationPlatforms) = postSolution
		{D0B1FA58-890F-484F-A470-898C17DD198E}.Debug|Any CPU.ActiveCfg = Debug|Any CPU
		{D0B1FA58-890F-484F-A470-898C17DD198E}.Debug|Any CPU.Build.0 = Debug|Any CPU
		{D0B1FA58-890F-484F-A470-898C17DD198E}.Release|Any CPU.ActiveCfg = Release|Any CPU
		{D0B1FA58-890F-484F-A470-898C17DD198E}.Release|Any CPU.Build.0 = Release|Any CPU
	EndGlobalSection
	GlobalSection(SolutionProperties) = preSolution
		HideSolutionNode = FALSE
	EndGlobalSection
	GlobalSection(ExtensibilityGlobals) = postSolution
		SolutionGuid = {920AF6B3-4FDE-4B4C-9F2E-B10DCF4FAC92}
	EndGlobalSection
EndGlobal
